// !$*UTF8*$!
{
	archiveVersion = 1;
	classes = {
	};
	objectVersion = 46;
	objects = {

/* Begin PBXBuildFile section */
		005769B92C3B565900991AA2 /* UIApplication+CurrentNonAdViewController.m in Sources */ = {isa = PBXBuildFile; fileRef = 005769B72C3B565900991AA2 /* UIApplication+CurrentNonAdViewController.m */; };
		00C76F812C2B776E0018B481 /* BrightcoveIMAPlayerPosterViewManager.m in Sources */ = {isa = PBXBuildFile; fileRef = 00C76F762C2B776E0018B481 /* BrightcoveIMAPlayerPosterViewManager.m */; };
		00C76F822C2B776E0018B481 /* BrightcoveIMAPlayerPosterView.m in Sources */ = {isa = PBXBuildFile; fileRef = 00C76F782C2B776E0018B481 /* BrightcoveIMAPlayerPosterView.m */; };
		00C76F832C2B776E0018B481 /* BrightcoveIMAPlayerView.m in Sources */ = {isa = PBXBuildFile; fileRef = 00C76F792C2B776E0018B481 /* BrightcoveIMAPlayerView.m */; };
		00C76F842C2B776E0018B481 /* BrightcoveIMAPlayerViewManager.m in Sources */ = {isa = PBXBuildFile; fileRef = 00C76F7B2C2B776E0018B481 /* BrightcoveIMAPlayerViewManager.m */; };
		00C76F8D2C2B77E00018B481 /* BrightcoveImaPlayerTest.m in Sources */ = {isa = PBXBuildFile; fileRef = 00C76F8C2C2B77E00018B481 /* BrightcoveImaPlayerTest.m */; };
		00C76F8E2C2B77E00018B481 /* libBrightcoveImaPlayer.a in Frameworks */ = {isa = PBXBuildFile; fileRef = 134814201AA4EA6300B7C361 /* libBrightcoveImaPlayer.a */; };
		00EB79CB2C3CA46F0015BF63 /* UIApplication_CurrentViewControllerTests.m in Sources */ = {isa = PBXBuildFile; fileRef = 00EB79CA2C3CA46F0015BF63 /* UIApplication_CurrentViewControllerTests.m */; };
		00EB79CC2C3CA4B30015BF63 /* UIApplication+CurrentNonAdViewController.m in Sources */ = {isa = PBXBuildFile; fileRef = 005769B72C3B565900991AA2 /* UIApplication+CurrentNonAdViewController.m */; };
		00EB79D42C3CA9540015BF63 /* TestHostApp.swift in Sources */ = {isa = PBXBuildFile; fileRef = 00EB79D32C3CA9540015BF63 /* TestHostApp.swift */; };
		00EB79D62C3CA9540015BF63 /* ContentView.swift in Sources */ = {isa = PBXBuildFile; fileRef = 00EB79D52C3CA9540015BF63 /* ContentView.swift */; };
		00EB79D82C3CA9560015BF63 /* Assets.xcassets in Resources */ = {isa = PBXBuildFile; fileRef = 00EB79D72C3CA9560015BF63 /* Assets.xcassets */; };
		00EB79DB2C3CA9560015BF63 /* Preview Assets.xcassets in Resources */ = {isa = PBXBuildFile; fileRef = 00EB79DA2C3CA9560015BF63 /* Preview Assets.xcassets */; };
		EB9DAE5F558F06030B5C112F /* libPods-BrightcoveImaPlayer.a in Frameworks */ = {isa = PBXBuildFile; fileRef = 2C98675B4A8FFA292A0C7DD8 /* libPods-BrightcoveImaPlayer.a */; };
/* End PBXBuildFile section */

/* Begin PBXContainerItemProxy section */
		00C76F8F2C2B77E00018B481 /* PBXContainerItemProxy */ = {
			isa = PBXContainerItemProxy;
			containerPortal = 58B511D31A9E6C8500147676 /* Project object */;
			proxyType = 1;
			remoteGlobalIDString = 58B511DA1A9E6C8500147676;
			remoteInfo = BrightcoveImaPlayer;
		};
		00EB79DF2C3CA96C0015BF63 /* PBXContainerItemProxy */ = {
			isa = PBXContainerItemProxy;
			containerPortal = 58B511D31A9E6C8500147676 /* Project object */;
			proxyType = 1;
			remoteGlobalIDString = 00EB79D02C3CA9540015BF63;
			remoteInfo = TestHost;
		};
/* End PBXContainerItemProxy section */

/* Begin PBXCopyFilesBuildPhase section */
		58B511D91A9E6C8500147676 /* CopyFiles */ = {
			isa = PBXCopyFilesBuildPhase;
			buildActionMask = 2147483647;
			dstPath = "include/$(PRODUCT_NAME)";
			dstSubfolderSpec = 16;
			files = (
			);
			runOnlyForDeploymentPostprocessing = 0;
		};
/* End PBXCopyFilesBuildPhase section */

/* Begin PBXFileReference section */
		005769B62C3B565900991AA2 /* UIApplication+CurrentNonAdViewController.h */ = {isa = PBXFileReference; fileEncoding = 4; lastKnownFileType = sourcecode.c.h; path = "UIApplication+CurrentNonAdViewController.h"; sourceTree = "<group>"; };
		005769B72C3B565900991AA2 /* UIApplication+CurrentNonAdViewController.m */ = {isa = PBXFileReference; fileEncoding = 4; lastKnownFileType = sourcecode.c.objc; path = "UIApplication+CurrentNonAdViewController.m"; sourceTree = "<group>"; };
		00C76F762C2B776E0018B481 /* BrightcoveIMAPlayerPosterViewManager.m */ = {isa = PBXFileReference; fileEncoding = 4; lastKnownFileType = sourcecode.c.objc; path = BrightcoveIMAPlayerPosterViewManager.m; sourceTree = "<group>"; };
		00C76F772C2B776E0018B481 /* BrightcoveIMAPlayerPosterViewManager.h */ = {isa = PBXFileReference; fileEncoding = 4; lastKnownFileType = sourcecode.c.h; path = BrightcoveIMAPlayerPosterViewManager.h; sourceTree = "<group>"; };
		00C76F782C2B776E0018B481 /* BrightcoveIMAPlayerPosterView.m */ = {isa = PBXFileReference; fileEncoding = 4; lastKnownFileType = sourcecode.c.objc; path = BrightcoveIMAPlayerPosterView.m; sourceTree = "<group>"; };
		00C76F792C2B776E0018B481 /* BrightcoveIMAPlayerView.m */ = {isa = PBXFileReference; fileEncoding = 4; lastKnownFileType = sourcecode.c.objc; path = BrightcoveIMAPlayerView.m; sourceTree = "<group>"; };
		00C76F7A2C2B776E0018B481 /* BrightcoveIMAPlayerViewManager.h */ = {isa = PBXFileReference; fileEncoding = 4; lastKnownFileType = sourcecode.c.h; path = BrightcoveIMAPlayerViewManager.h; sourceTree = "<group>"; };
		00C76F7B2C2B776E0018B481 /* BrightcoveIMAPlayerViewManager.m */ = {isa = PBXFileReference; fileEncoding = 4; lastKnownFileType = sourcecode.c.objc; path = BrightcoveIMAPlayerViewManager.m; sourceTree = "<group>"; };
		00C76F7F2C2B776E0018B481 /* BrightcoveIMAPlayerView.h */ = {isa = PBXFileReference; fileEncoding = 4; lastKnownFileType = sourcecode.c.h; path = BrightcoveIMAPlayerView.h; sourceTree = "<group>"; };
		00C76F802C2B776E0018B481 /* BrightcoveIMAPlayerPosterView.h */ = {isa = PBXFileReference; fileEncoding = 4; lastKnownFileType = sourcecode.c.h; path = BrightcoveIMAPlayerPosterView.h; sourceTree = "<group>"; };
		00C76F8A2C2B77E00018B481 /* BrightcoveImaPlayerTest.xctest */ = {isa = PBXFileReference; explicitFileType = wrapper.cfbundle; includeInIndex = 0; path = BrightcoveImaPlayerTest.xctest; sourceTree = BUILT_PRODUCTS_DIR; };
		00C76F8C2C2B77E00018B481 /* BrightcoveImaPlayerTest.m */ = {isa = PBXFileReference; lastKnownFileType = sourcecode.c.objc; path = BrightcoveImaPlayerTest.m; sourceTree = "<group>"; };
		00EB79CA2C3CA46F0015BF63 /* UIApplication_CurrentViewControllerTests.m */ = {isa = PBXFileReference; lastKnownFileType = sourcecode.c.objc; path = UIApplication_CurrentViewControllerTests.m; sourceTree = "<group>"; };
		00EB79D12C3CA9540015BF63 /* TestHost.app */ = {isa = PBXFileReference; explicitFileType = wrapper.application; includeInIndex = 0; path = TestHost.app; sourceTree = BUILT_PRODUCTS_DIR; };
		00EB79D32C3CA9540015BF63 /* TestHostApp.swift */ = {isa = PBXFileReference; lastKnownFileType = sourcecode.swift; path = TestHostApp.swift; sourceTree = "<group>"; };
		00EB79D52C3CA9540015BF63 /* ContentView.swift */ = {isa = PBXFileReference; lastKnownFileType = sourcecode.swift; path = ContentView.swift; sourceTree = "<group>"; };
		00EB79D72C3CA9560015BF63 /* Assets.xcassets */ = {isa = PBXFileReference; lastKnownFileType = folder.assetcatalog; path = Assets.xcassets; sourceTree = "<group>"; };
		00EB79DA2C3CA9560015BF63 /* Preview Assets.xcassets */ = {isa = PBXFileReference; lastKnownFileType = folder.assetcatalog; path = "Preview Assets.xcassets"; sourceTree = "<group>"; };
		134814201AA4EA6300B7C361 /* libBrightcoveImaPlayer.a */ = {isa = PBXFileReference; explicitFileType = archive.ar; includeInIndex = 0; path = libBrightcoveImaPlayer.a; sourceTree = BUILT_PRODUCTS_DIR; };
		2C98675B4A8FFA292A0C7DD8 /* libPods-BrightcoveImaPlayer.a */ = {isa = PBXFileReference; explicitFileType = archive.ar; includeInIndex = 0; path = "libPods-BrightcoveImaPlayer.a"; sourceTree = BUILT_PRODUCTS_DIR; };
		3834B5CFC0B49A103E78D31A /* Pods-BrightcoveImaPlayer.release.xcconfig */ = {isa = PBXFileReference; includeInIndex = 1; lastKnownFileType = text.xcconfig; name = "Pods-BrightcoveImaPlayer.release.xcconfig"; path = "Target Support Files/Pods-BrightcoveImaPlayer/Pods-BrightcoveImaPlayer.release.xcconfig"; sourceTree = "<group>"; };
		C4B7DDF72F6876765C8E2032 /* Pods-BrightcoveImaPlayer.debug.xcconfig */ = {isa = PBXFileReference; includeInIndex = 1; lastKnownFileType = text.xcconfig; name = "Pods-BrightcoveImaPlayer.debug.xcconfig"; path = "Target Support Files/Pods-BrightcoveImaPlayer/Pods-BrightcoveImaPlayer.debug.xcconfig"; sourceTree = "<group>"; };
/* End PBXFileReference section */

/* Begin PBXFrameworksBuildPhase section */
		00C76F872C2B77E00018B481 /* Frameworks */ = {
			isa = PBXFrameworksBuildPhase;
			buildActionMask = 2147483647;
			files = (
				00C76F8E2C2B77E00018B481 /* libBrightcoveImaPlayer.a in Frameworks */,
			);
			runOnlyForDeploymentPostprocessing = 0;
		};
		00EB79CE2C3CA9540015BF63 /* Frameworks */ = {
			isa = PBXFrameworksBuildPhase;
			buildActionMask = 2147483647;
			files = (
			);
			runOnlyForDeploymentPostprocessing = 0;
		};
		58B511D81A9E6C8500147676 /* Frameworks */ = {
			isa = PBXFrameworksBuildPhase;
			buildActionMask = 2147483647;
			files = (
				EB9DAE5F558F06030B5C112F /* libPods-BrightcoveImaPlayer.a in Frameworks */,
			);
			runOnlyForDeploymentPostprocessing = 0;
		};
/* End PBXFrameworksBuildPhase section */

/* Begin PBXGroup section */
		005769B82C3B565900991AA2 /* Categories */ = {
			isa = PBXGroup;
			children = (
				005769B62C3B565900991AA2 /* UIApplication+CurrentNonAdViewController.h */,
				005769B72C3B565900991AA2 /* UIApplication+CurrentNonAdViewController.m */,
			);
			path = Categories;
			sourceTree = "<group>";
		};
		00C76F8B2C2B77E00018B481 /* BrightcoveImaPlayerTest */ = {
			isa = PBXGroup;
			children = (
				00EB79C92C3CA4590015BF63 /* Categories */,
				00C76F8C2C2B77E00018B481 /* BrightcoveImaPlayerTest.m */,
			);
			path = BrightcoveImaPlayerTest;
			sourceTree = "<group>";
		};
		00EB79C92C3CA4590015BF63 /* Categories */ = {
			isa = PBXGroup;
			children = (
				00EB79CA2C3CA46F0015BF63 /* UIApplication_CurrentViewControllerTests.m */,
			);
			path = Categories;
			sourceTree = "<group>";
		};
		00EB79D22C3CA9540015BF63 /* TestHost */ = {
			isa = PBXGroup;
			children = (
				00EB79D32C3CA9540015BF63 /* TestHostApp.swift */,
				00EB79D52C3CA9540015BF63 /* ContentView.swift */,
				00EB79D72C3CA9560015BF63 /* Assets.xcassets */,
				00EB79D92C3CA9560015BF63 /* Preview Content */,
			);
			path = TestHost;
			sourceTree = "<group>";
		};
		00EB79D92C3CA9560015BF63 /* Preview Content */ = {
			isa = PBXGroup;
			children = (
				00EB79DA2C3CA9560015BF63 /* Preview Assets.xcassets */,
			);
			path = "Preview Content";
			sourceTree = "<group>";
		};
		134814211AA4EA7D00B7C361 /* Products */ = {
			isa = PBXGroup;
			children = (
				134814201AA4EA6300B7C361 /* libBrightcoveImaPlayer.a */,
			);
			name = Products;
			sourceTree = "<group>";
		};
		402489893E2B8B096C217C3C /* Pods */ = {
			isa = PBXGroup;
			children = (
				C4B7DDF72F6876765C8E2032 /* Pods-BrightcoveImaPlayer.debug.xcconfig */,
				3834B5CFC0B49A103E78D31A /* Pods-BrightcoveImaPlayer.release.xcconfig */,
			);
			path = Pods;
			sourceTree = "<group>";
		};
		58B511D21A9E6C8500147676 = {
			isa = PBXGroup;
			children = (
				005769B82C3B565900991AA2 /* Categories */,
				00C76F802C2B776E0018B481 /* BrightcoveIMAPlayerPosterView.h */,
				00C76F782C2B776E0018B481 /* BrightcoveIMAPlayerPosterView.m */,
				00C76F772C2B776E0018B481 /* BrightcoveIMAPlayerPosterViewManager.h */,
				00C76F762C2B776E0018B481 /* BrightcoveIMAPlayerPosterViewManager.m */,
				00C76F7F2C2B776E0018B481 /* BrightcoveIMAPlayerView.h */,
				00C76F792C2B776E0018B481 /* BrightcoveIMAPlayerView.m */,
				00C76F7A2C2B776E0018B481 /* BrightcoveIMAPlayerViewManager.h */,
				00C76F7B2C2B776E0018B481 /* BrightcoveIMAPlayerViewManager.m */,
				00C76F8B2C2B77E00018B481 /* BrightcoveImaPlayerTest */,
				00EB79D22C3CA9540015BF63 /* TestHost */,
				134814211AA4EA7D00B7C361 /* Products */,
				00C76F8A2C2B77E00018B481 /* BrightcoveImaPlayerTest.xctest */,
				402489893E2B8B096C217C3C /* Pods */,
				00EB79D12C3CA9540015BF63 /* TestHost.app */,
				AC291CA7C59D3661DADE7ACF /* Frameworks */,
			);
			sourceTree = "<group>";
		};
		AC291CA7C59D3661DADE7ACF /* Frameworks */ = {
			isa = PBXGroup;
			children = (
				2C98675B4A8FFA292A0C7DD8 /* libPods-BrightcoveImaPlayer.a */,
			);
			name = Frameworks;
			sourceTree = "<group>";
		};
/* End PBXGroup section */

/* Begin PBXNativeTarget section */
		00C76F892C2B77E00018B481 /* BrightcoveImaPlayerTest */ = {
			isa = PBXNativeTarget;
			buildConfigurationList = 00C76F912C2B77E00018B481 /* Build configuration list for PBXNativeTarget "BrightcoveImaPlayerTest" */;
			buildPhases = (
				00C76F862C2B77E00018B481 /* Sources */,
				00C76F872C2B77E00018B481 /* Frameworks */,
				00C76F882C2B77E00018B481 /* Resources */,
			);
			buildRules = (
			);
			dependencies = (
				00EB79E02C3CA96C0015BF63 /* PBXTargetDependency */,
				00C76F902C2B77E00018B481 /* PBXTargetDependency */,
			);
			name = BrightcoveImaPlayerTest;
			productName = BrightcoveImaPlayerTest;
			productReference = 00C76F8A2C2B77E00018B481 /* BrightcoveImaPlayerTest.xctest */;
			productType = "com.apple.product-type.bundle.unit-test";
		};
		00EB79D02C3CA9540015BF63 /* TestHost */ = {
			isa = PBXNativeTarget;
			buildConfigurationList = 00EB79DC2C3CA9560015BF63 /* Build configuration list for PBXNativeTarget "TestHost" */;
			buildPhases = (
				00EB79CD2C3CA9540015BF63 /* Sources */,
				00EB79CE2C3CA9540015BF63 /* Frameworks */,
				00EB79CF2C3CA9540015BF63 /* Resources */,
			);
			buildRules = (
			);
			dependencies = (
			);
			name = TestHost;
			productName = TestHost;
			productReference = 00EB79D12C3CA9540015BF63 /* TestHost.app */;
			productType = "com.apple.product-type.application";
		};
		58B511DA1A9E6C8500147676 /* BrightcoveImaPlayer */ = {
			isa = PBXNativeTarget;
			buildConfigurationList = 58B511EF1A9E6C8500147676 /* Build configuration list for PBXNativeTarget "BrightcoveImaPlayer" */;
			buildPhases = (
				425B5497D689E7835C315CDF /* [CP] Check Pods Manifest.lock */,
				58B511D71A9E6C8500147676 /* Sources */,
				58B511D81A9E6C8500147676 /* Frameworks */,
				58B511D91A9E6C8500147676 /* CopyFiles */,
			);
			buildRules = (
			);
			dependencies = (
			);
			name = BrightcoveImaPlayer;
			productName = RCTDataManager;
			productReference = 134814201AA4EA6300B7C361 /* libBrightcoveImaPlayer.a */;
			productType = "com.apple.product-type.library.static";
		};
/* End PBXNativeTarget section */

/* Begin PBXProject section */
		58B511D31A9E6C8500147676 /* Project object */ = {
			isa = PBXProject;
			attributes = {
				LastSwiftUpdateCheck = 1540;
				LastUpgradeCheck = 0920;
				ORGANIZATIONNAME = Facebook;
				TargetAttributes = {
					00C76F892C2B77E00018B481 = {
						CreatedOnToolsVersion = 15.4;
						ProvisioningStyle = Automatic;
						TestTargetID = 00EB79D02C3CA9540015BF63;
					};
					00EB79D02C3CA9540015BF63 = {
						CreatedOnToolsVersion = 15.4;
						ProvisioningStyle = Automatic;
					};
					58B511DA1A9E6C8500147676 = {
						CreatedOnToolsVersion = 6.1.1;
					};
				};
			};
			buildConfigurationList = 58B511D61A9E6C8500147676 /* Build configuration list for PBXProject "BrightcoveImaPlayer" */;
			compatibilityVersion = "Xcode 3.2";
			developmentRegion = English;
			hasScannedForEncodings = 0;
			knownRegions = (
				English,
				en,
			);
			mainGroup = 58B511D21A9E6C8500147676;
			productRefGroup = 58B511D21A9E6C8500147676;
			projectDirPath = "";
			projectRoot = "";
			targets = (
				58B511DA1A9E6C8500147676 /* BrightcoveImaPlayer */,
				00C76F892C2B77E00018B481 /* BrightcoveImaPlayerTest */,
				00EB79D02C3CA9540015BF63 /* TestHost */,
			);
		};
/* End PBXProject section */

/* Begin PBXResourcesBuildPhase section */
		00C76F882C2B77E00018B481 /* Resources */ = {
			isa = PBXResourcesBuildPhase;
			buildActionMask = 2147483647;
			files = (
			);
			runOnlyForDeploymentPostprocessing = 0;
		};
		00EB79CF2C3CA9540015BF63 /* Resources */ = {
			isa = PBXResourcesBuildPhase;
			buildActionMask = 2147483647;
			files = (
				00EB79DB2C3CA9560015BF63 /* Preview Assets.xcassets in Resources */,
				00EB79D82C3CA9560015BF63 /* Assets.xcassets in Resources */,
			);
			runOnlyForDeploymentPostprocessing = 0;
		};
/* End PBXResourcesBuildPhase section */

/* Begin PBXShellScriptBuildPhase section */
		425B5497D689E7835C315CDF /* [CP] Check Pods Manifest.lock */ = {
			isa = PBXShellScriptBuildPhase;
			buildActionMask = 2147483647;
			files = (
			);
			inputFileListPaths = (
			);
			inputPaths = (
				"${PODS_PODFILE_DIR_PATH}/Podfile.lock",
				"${PODS_ROOT}/Manifest.lock",
			);
			name = "[CP] Check Pods Manifest.lock";
			outputFileListPaths = (
			);
			outputPaths = (
				"$(DERIVED_FILE_DIR)/Pods-BrightcoveImaPlayer-checkManifestLockResult.txt",
			);
			runOnlyForDeploymentPostprocessing = 0;
			shellPath = /bin/sh;
			shellScript = "diff \"${PODS_PODFILE_DIR_PATH}/Podfile.lock\" \"${PODS_ROOT}/Manifest.lock\" > /dev/null\nif [ $? != 0 ] ; then\n    # print error to STDERR\n    echo \"error: The sandbox is not in sync with the Podfile.lock. Run 'pod install' or update your CocoaPods installation.\" >&2\n    exit 1\nfi\n# This output is used by Xcode 'outputs' to avoid re-running this script phase.\necho \"SUCCESS\" > \"${SCRIPT_OUTPUT_FILE_0}\"\n";
			showEnvVarsInLog = 0;
		};
/* End PBXShellScriptBuildPhase section */

/* Begin PBXSourcesBuildPhase section */
		00C76F862C2B77E00018B481 /* Sources */ = {
			isa = PBXSourcesBuildPhase;
			buildActionMask = 2147483647;
			files = (
				00C76F8D2C2B77E00018B481 /* BrightcoveImaPlayerTest.m in Sources */,
				00EB79CC2C3CA4B30015BF63 /* UIApplication+CurrentNonAdViewController.m in Sources */,
				00EB79CB2C3CA46F0015BF63 /* UIApplication_CurrentViewControllerTests.m in Sources */,
			);
			runOnlyForDeploymentPostprocessing = 0;
		};
		00EB79CD2C3CA9540015BF63 /* Sources */ = {
			isa = PBXSourcesBuildPhase;
			buildActionMask = 2147483647;
			files = (
				00EB79D62C3CA9540015BF63 /* ContentView.swift in Sources */,
				00EB79D42C3CA9540015BF63 /* TestHostApp.swift in Sources */,
			);
			runOnlyForDeploymentPostprocessing = 0;
		};
		58B511D71A9E6C8500147676 /* Sources */ = {
			isa = PBXSourcesBuildPhase;
			buildActionMask = 2147483647;
			files = (
				005769B92C3B565900991AA2 /* UIApplication+CurrentNonAdViewController.m in Sources */,
				00C76F842C2B776E0018B481 /* BrightcoveIMAPlayerViewManager.m in Sources */,
				00C76F832C2B776E0018B481 /* BrightcoveIMAPlayerView.m in Sources */,
				00C76F812C2B776E0018B481 /* BrightcoveIMAPlayerPosterViewManager.m in Sources */,
				00C76F822C2B776E0018B481 /* BrightcoveIMAPlayerPosterView.m in Sources */,
			);
			runOnlyForDeploymentPostprocessing = 0;
		};
/* End PBXSourcesBuildPhase section */

/* Begin PBXTargetDependency section */
		00C76F902C2B77E00018B481 /* PBXTargetDependency */ = {
			isa = PBXTargetDependency;
			target = 58B511DA1A9E6C8500147676 /* BrightcoveImaPlayer */;
			targetProxy = 00C76F8F2C2B77E00018B481 /* PBXContainerItemProxy */;
		};
		00EB79E02C3CA96C0015BF63 /* PBXTargetDependency */ = {
			isa = PBXTargetDependency;
			target = 00EB79D02C3CA9540015BF63 /* TestHost */;
			targetProxy = 00EB79DF2C3CA96C0015BF63 /* PBXContainerItemProxy */;
		};
/* End PBXTargetDependency section */

/* Begin XCBuildConfiguration section */
		00C76F922C2B77E00018B481 /* Debug */ = {
			isa = XCBuildConfiguration;
			buildSettings = {
				ALWAYS_EMBED_SWIFT_STANDARD_LIBRARIES = YES;
				ASSETCATALOG_COMPILER_GENERATE_SWIFT_ASSET_SYMBOL_EXTENSIONS = YES;
				CLANG_ANALYZER_NONNULL = YES;
				CLANG_ANALYZER_NUMBER_OBJECT_CONVERSION = YES_AGGRESSIVE;
				CLANG_CXX_LANGUAGE_STANDARD = "gnu++20";
				CLANG_ENABLE_OBJC_WEAK = YES;
				CLANG_WARN_DEPRECATED_OBJC_IMPLEMENTATIONS = YES;
				CLANG_WARN_DOCUMENTATION_COMMENTS = YES;
				CLANG_WARN_OBJC_IMPLICIT_RETAIN_SELF = YES;
				CLANG_WARN_QUOTED_INCLUDE_IN_FRAMEWORK_HEADER = YES;
				CLANG_WARN_UNGUARDED_AVAILABILITY = YES_AGGRESSIVE;
				CODE_SIGN_STYLE = Automatic;
				CURRENT_PROJECT_VERSION = 1;
				DEBUG_INFORMATION_FORMAT = dwarf;
				ENABLE_USER_SCRIPT_SANDBOXING = NO;
				GCC_C_LANGUAGE_STANDARD = gnu17;
				GENERATE_INFOPLIST_FILE = YES;
				IPHONEOS_DEPLOYMENT_TARGET = 12.4;
				LOCALIZATION_PREFERS_STRING_CATALOGS = YES;
				MARKETING_VERSION = 1.0;
				MTL_ENABLE_DEBUG_INFO = INCLUDE_SOURCE;
				MTL_FAST_MATH = YES;
				PRODUCT_BUNDLE_IDENTIFIER = com.nzme.BrightcoveImaPlayerTest;
				PRODUCT_NAME = "$(TARGET_NAME)";
				SWIFT_EMIT_LOC_STRINGS = NO;
				TARGETED_DEVICE_FAMILY = "1,2";
				TEST_HOST = "$(BUILT_PRODUCTS_DIR)/TestHost.app/$(BUNDLE_EXECUTABLE_FOLDER_PATH)/TestHost";
			};
			name = Debug;
		};
		00C76F932C2B77E00018B481 /* Release */ = {
			isa = XCBuildConfiguration;
			buildSettings = {
				ALWAYS_EMBED_SWIFT_STANDARD_LIBRARIES = YES;
				ASSETCATALOG_COMPILER_GENERATE_SWIFT_ASSET_SYMBOL_EXTENSIONS = YES;
				CLANG_ANALYZER_NONNULL = YES;
				CLANG_ANALYZER_NUMBER_OBJECT_CONVERSION = YES_AGGRESSIVE;
				CLANG_CXX_LANGUAGE_STANDARD = "gnu++20";
				CLANG_ENABLE_OBJC_WEAK = YES;
				CLANG_WARN_DEPRECATED_OBJC_IMPLEMENTATIONS = YES;
				CLANG_WARN_DOCUMENTATION_COMMENTS = YES;
				CLANG_WARN_OBJC_IMPLICIT_RETAIN_SELF = YES;
				CLANG_WARN_QUOTED_INCLUDE_IN_FRAMEWORK_HEADER = YES;
				CLANG_WARN_UNGUARDED_AVAILABILITY = YES_AGGRESSIVE;
				CODE_SIGN_STYLE = Automatic;
				COPY_PHASE_STRIP = NO;
				CURRENT_PROJECT_VERSION = 1;
				DEBUG_INFORMATION_FORMAT = "dwarf-with-dsym";
				ENABLE_USER_SCRIPT_SANDBOXING = NO;
				GCC_C_LANGUAGE_STANDARD = gnu17;
				GENERATE_INFOPLIST_FILE = YES;
				IPHONEOS_DEPLOYMENT_TARGET = 12.4;
				LOCALIZATION_PREFERS_STRING_CATALOGS = YES;
				MARKETING_VERSION = 1.0;
				MTL_FAST_MATH = YES;
				PRODUCT_BUNDLE_IDENTIFIER = com.nzme.BrightcoveImaPlayerTest;
				PRODUCT_NAME = "$(TARGET_NAME)";
				SWIFT_EMIT_LOC_STRINGS = NO;
				TARGETED_DEVICE_FAMILY = "1,2";
				TEST_HOST = "$(BUILT_PRODUCTS_DIR)/TestHost.app/$(BUNDLE_EXECUTABLE_FOLDER_PATH)/TestHost";
			};
			name = Release;
		};
		00EB79DD2C3CA9560015BF63 /* Debug */ = {
			isa = XCBuildConfiguration;
			buildSettings = {
				ASSETCATALOG_COMPILER_APPICON_NAME = AppIcon;
				ASSETCATALOG_COMPILER_GENERATE_SWIFT_ASSET_SYMBOL_EXTENSIONS = YES;
				ASSETCATALOG_COMPILER_GLOBAL_ACCENT_COLOR_NAME = AccentColor;
				CLANG_ANALYZER_NONNULL = YES;
				CLANG_ANALYZER_NUMBER_OBJECT_CONVERSION = YES_AGGRESSIVE;
				CLANG_CXX_LANGUAGE_STANDARD = "gnu++20";
				CLANG_ENABLE_OBJC_WEAK = YES;
				CLANG_WARN_DEPRECATED_OBJC_IMPLEMENTATIONS = YES;
				CLANG_WARN_DOCUMENTATION_COMMENTS = YES;
				CLANG_WARN_OBJC_IMPLICIT_RETAIN_SELF = YES;
				CLANG_WARN_QUOTED_INCLUDE_IN_FRAMEWORK_HEADER = YES;
				CLANG_WARN_UNGUARDED_AVAILABILITY = YES_AGGRESSIVE;
				CODE_SIGN_STYLE = Automatic;
				CURRENT_PROJECT_VERSION = 1;
				DEBUG_INFORMATION_FORMAT = dwarf;
				DEVELOPMENT_ASSET_PATHS = "\"TestHost/Preview Content\"";
				ENABLE_PREVIEWS = YES;
				ENABLE_USER_SCRIPT_SANDBOXING = YES;
				GCC_C_LANGUAGE_STANDARD = gnu17;
				GENERATE_INFOPLIST_FILE = YES;
				INFOPLIST_KEY_UIApplicationSceneManifest_Generation = YES;
				INFOPLIST_KEY_UIApplicationSupportsIndirectInputEvents = YES;
				INFOPLIST_KEY_UILaunchScreen_Generation = YES;
				INFOPLIST_KEY_UISupportedInterfaceOrientations_iPad = "UIInterfaceOrientationPortrait UIInterfaceOrientationPortraitUpsideDown UIInterfaceOrientationLandscapeLeft UIInterfaceOrientationLandscapeRight";
				INFOPLIST_KEY_UISupportedInterfaceOrientations_iPhone = "UIInterfaceOrientationPortrait UIInterfaceOrientationLandscapeLeft UIInterfaceOrientationLandscapeRight";
				IPHONEOS_DEPLOYMENT_TARGET = 17.4;
				LD_RUNPATH_SEARCH_PATHS = "$(inherited) @executable_path/Frameworks";
				LOCALIZATION_PREFERS_STRING_CATALOGS = YES;
				MARKETING_VERSION = 1.0;
				MTL_ENABLE_DEBUG_INFO = INCLUDE_SOURCE;
				MTL_FAST_MATH = YES;
				PRODUCT_BUNDLE_IDENTIFIER = com.nzme.TestHost;
				PRODUCT_NAME = "$(TARGET_NAME)";
				SWIFT_ACTIVE_COMPILATION_CONDITIONS = "DEBUG $(inherited)";
				SWIFT_EMIT_LOC_STRINGS = YES;
				SWIFT_OPTIMIZATION_LEVEL = "-Onone";
				SWIFT_VERSION = 5.0;
				TARGETED_DEVICE_FAMILY = "1,2";
			};
			name = Debug;
		};
		00EB79DE2C3CA9560015BF63 /* Release */ = {
			isa = XCBuildConfiguration;
			buildSettings = {
				ASSETCATALOG_COMPILER_APPICON_NAME = AppIcon;
				ASSETCATALOG_COMPILER_GENERATE_SWIFT_ASSET_SYMBOL_EXTENSIONS = YES;
				ASSETCATALOG_COMPILER_GLOBAL_ACCENT_COLOR_NAME = AccentColor;
				CLANG_ANALYZER_NONNULL = YES;
				CLANG_ANALYZER_NUMBER_OBJECT_CONVERSION = YES_AGGRESSIVE;
				CLANG_CXX_LANGUAGE_STANDARD = "gnu++20";
				CLANG_ENABLE_OBJC_WEAK = YES;
				CLANG_WARN_DEPRECATED_OBJC_IMPLEMENTATIONS = YES;
				CLANG_WARN_DOCUMENTATION_COMMENTS = YES;
				CLANG_WARN_OBJC_IMPLICIT_RETAIN_SELF = YES;
				CLANG_WARN_QUOTED_INCLUDE_IN_FRAMEWORK_HEADER = YES;
				CLANG_WARN_UNGUARDED_AVAILABILITY = YES_AGGRESSIVE;
				CODE_SIGN_STYLE = Automatic;
				COPY_PHASE_STRIP = NO;
				CURRENT_PROJECT_VERSION = 1;
				DEBUG_INFORMATION_FORMAT = "dwarf-with-dsym";
				DEVELOPMENT_ASSET_PATHS = "\"TestHost/Preview Content\"";
				ENABLE_PREVIEWS = YES;
				ENABLE_USER_SCRIPT_SANDBOXING = YES;
				GCC_C_LANGUAGE_STANDARD = gnu17;
				GENERATE_INFOPLIST_FILE = YES;
				INFOPLIST_KEY_UIApplicationSceneManifest_Generation = YES;
				INFOPLIST_KEY_UIApplicationSupportsIndirectInputEvents = YES;
				INFOPLIST_KEY_UILaunchScreen_Generation = YES;
				INFOPLIST_KEY_UISupportedInterfaceOrientations_iPad = "UIInterfaceOrientationPortrait UIInterfaceOrientationPortraitUpsideDown UIInterfaceOrientationLandscapeLeft UIInterfaceOrientationLandscapeRight";
				INFOPLIST_KEY_UISupportedInterfaceOrientations_iPhone = "UIInterfaceOrientationPortrait UIInterfaceOrientationLandscapeLeft UIInterfaceOrientationLandscapeRight";
				IPHONEOS_DEPLOYMENT_TARGET = 17.4;
				LD_RUNPATH_SEARCH_PATHS = "$(inherited) @executable_path/Frameworks";
				LOCALIZATION_PREFERS_STRING_CATALOGS = YES;
				MARKETING_VERSION = 1.0;
				MTL_FAST_MATH = YES;
				PRODUCT_BUNDLE_IDENTIFIER = com.nzme.TestHost;
				PRODUCT_NAME = "$(TARGET_NAME)";
				SWIFT_COMPILATION_MODE = wholemodule;
				SWIFT_EMIT_LOC_STRINGS = YES;
				SWIFT_VERSION = 5.0;
				TARGETED_DEVICE_FAMILY = "1,2";
			};
			name = Release;
		};
		58B511ED1A9E6C8500147676 /* Debug */ = {
			isa = XCBuildConfiguration;
			buildSettings = {
				ALWAYS_SEARCH_USER_PATHS = NO;
				CLANG_CXX_LANGUAGE_STANDARD = "gnu++0x";
				CLANG_CXX_LIBRARY = "libc++";
				CLANG_ENABLE_MODULES = YES;
				CLANG_ENABLE_OBJC_ARC = YES;
				CLANG_WARN_BLOCK_CAPTURE_AUTORELEASING = YES;
				CLANG_WARN_BOOL_CONVERSION = YES;
				CLANG_WARN_COMMA = YES;
				CLANG_WARN_CONSTANT_CONVERSION = YES;
				CLANG_WARN_DIRECT_OBJC_ISA_USAGE = YES_ERROR;
				CLANG_WARN_EMPTY_BODY = YES;
				CLANG_WARN_ENUM_CONVERSION = YES;
				CLANG_WARN_INFINITE_RECURSION = YES;
				CLANG_WARN_INT_CONVERSION = YES;
				CLANG_WARN_NON_LITERAL_NULL_CONVERSION = YES;
				CLANG_WARN_OBJC_LITERAL_CONVERSION = YES;
				CLANG_WARN_OBJC_ROOT_CLASS = YES_ERROR;
				CLANG_WARN_RANGE_LOOP_ANALYSIS = YES;
				CLANG_WARN_STRICT_PROTOTYPES = YES;
				CLANG_WARN_SUSPICIOUS_MOVE = YES;
				CLANG_WARN_UNREACHABLE_CODE = YES;
				CLANG_WARN__DUPLICATE_METHOD_MATCH = YES;
				COPY_PHASE_STRIP = NO;
				ENABLE_STRICT_OBJC_MSGSEND = YES;
				ENABLE_TESTABILITY = YES;
				GCC_C_LANGUAGE_STANDARD = gnu99;
				GCC_DYNAMIC_NO_PIC = NO;
				GCC_NO_COMMON_BLOCKS = YES;
				GCC_OPTIMIZATION_LEVEL = 0;
				GCC_PREPROCESSOR_DEFINITIONS = (
					"DEBUG=1",
					"$(inherited)",
				);
				GCC_SYMBOLS_PRIVATE_EXTERN = NO;
				GCC_WARN_64_TO_32_BIT_CONVERSION = YES;
				GCC_WARN_ABOUT_RETURN_TYPE = YES_ERROR;
				GCC_WARN_UNDECLARED_SELECTOR = YES;
				GCC_WARN_UNINITIALIZED_AUTOS = YES_AGGRESSIVE;
				GCC_WARN_UNUSED_FUNCTION = YES;
				GCC_WARN_UNUSED_VARIABLE = YES;
				IPHONEOS_DEPLOYMENT_TARGET = 8.0;
				MTL_ENABLE_DEBUG_INFO = YES;
				ONLY_ACTIVE_ARCH = YES;
				SDKROOT = iphoneos;
			};
			name = Debug;
		};
		58B511EE1A9E6C8500147676 /* Release */ = {
			isa = XCBuildConfiguration;
			buildSettings = {
				ALWAYS_SEARCH_USER_PATHS = NO;
				CLANG_CXX_LANGUAGE_STANDARD = "gnu++0x";
				CLANG_CXX_LIBRARY = "libc++";
				CLANG_ENABLE_MODULES = YES;
				CLANG_ENABLE_OBJC_ARC = YES;
				CLANG_WARN_BLOCK_CAPTURE_AUTORELEASING = YES;
				CLANG_WARN_BOOL_CONVERSION = YES;
				CLANG_WARN_COMMA = YES;
				CLANG_WARN_CONSTANT_CONVERSION = YES;
				CLANG_WARN_DIRECT_OBJC_ISA_USAGE = YES_ERROR;
				CLANG_WARN_EMPTY_BODY = YES;
				CLANG_WARN_ENUM_CONVERSION = YES;
				CLANG_WARN_INFINITE_RECURSION = YES;
				CLANG_WARN_INT_CONVERSION = YES;
				CLANG_WARN_NON_LITERAL_NULL_CONVERSION = YES;
				CLANG_WARN_OBJC_LITERAL_CONVERSION = YES;
				CLANG_WARN_OBJC_ROOT_CLASS = YES_ERROR;
				CLANG_WARN_RANGE_LOOP_ANALYSIS = YES;
				CLANG_WARN_STRICT_PROTOTYPES = YES;
				CLANG_WARN_SUSPICIOUS_MOVE = YES;
				CLANG_WARN_UNREACHABLE_CODE = YES;
				CLANG_WARN__DUPLICATE_METHOD_MATCH = YES;
				COPY_PHASE_STRIP = YES;
				ENABLE_NS_ASSERTIONS = NO;
				ENABLE_STRICT_OBJC_MSGSEND = YES;
				GCC_C_LANGUAGE_STANDARD = gnu99;
				GCC_NO_COMMON_BLOCKS = YES;
				GCC_WARN_64_TO_32_BIT_CONVERSION = YES;
				GCC_WARN_ABOUT_RETURN_TYPE = YES_ERROR;
				GCC_WARN_UNDECLARED_SELECTOR = YES;
				GCC_WARN_UNINITIALIZED_AUTOS = YES_AGGRESSIVE;
				GCC_WARN_UNUSED_FUNCTION = YES;
				GCC_WARN_UNUSED_VARIABLE = YES;
				IPHONEOS_DEPLOYMENT_TARGET = 8.0;
				MTL_ENABLE_DEBUG_INFO = NO;
				SDKROOT = iphoneos;
				VALIDATE_PRODUCT = YES;
			};
			name = Release;
		};
		58B511F01A9E6C8500147676 /* Debug */ = {
			isa = XCBuildConfiguration;
			baseConfigurationReference = C4B7DDF72F6876765C8E2032 /* Pods-BrightcoveImaPlayer.debug.xcconfig */;
			buildSettings = {
				ENABLE_BITCODE = NO;
				ENABLE_USER_SCRIPT_SANDBOXING = NO;
				HEADER_SEARCH_PATHS = (
					"$(inherited)",
					/Applications/Xcode.app/Contents/Developer/Toolchains/XcodeDefault.xctoolchain/usr/include,
					"$(SRCROOT)/../../../React/**",
					"$(SRCROOT)/../../react-native/React/**",
				);
				LIBRARY_SEARCH_PATHS = "$(inherited)";
				OTHER_LDFLAGS = "-ObjC";
				PRODUCT_NAME = BrightcoveImaPlayer;
				SKIP_INSTALL = YES;
			};
			name = Debug;
		};
		58B511F11A9E6C8500147676 /* Release */ = {
			isa = XCBuildConfiguration;
			baseConfigurationReference = 3834B5CFC0B49A103E78D31A /* Pods-BrightcoveImaPlayer.release.xcconfig */;
			buildSettings = {
				ENABLE_BITCODE = NO;
				ENABLE_USER_SCRIPT_SANDBOXING = NO;
				HEADER_SEARCH_PATHS = (
					"$(inherited)",
					/Applications/Xcode.app/Contents/Developer/Toolchains/XcodeDefault.xctoolchain/usr/include,
					"$(SRCROOT)/../../../React/**",
					"$(SRCROOT)/../../react-native/React/**",
				);
				LIBRARY_SEARCH_PATHS = "$(inherited)";
				OTHER_LDFLAGS = "-ObjC";
				PRODUCT_NAME = BrightcoveImaPlayer;
				SKIP_INSTALL = YES;
			};
			name = Release;
		};
/* End XCBuildConfiguration section */

/* Begin XCConfigurationList section */
		00C76F912C2B77E00018B481 /* Build configuration list for PBXNativeTarget "BrightcoveImaPlayerTest" */ = {
			isa = XCConfigurationList;
			buildConfigurations = (
				00C76F922C2B77E00018B481 /* Debug */,
				00C76F932C2B77E00018B481 /* Release */,
			);
			defaultConfigurationIsVisible = 0;
			defaultConfigurationName = Release;
		};
		00EB79DC2C3CA9560015BF63 /* Build configuration list for PBXNativeTarget "TestHost" */ = {
			isa = XCConfigurationList;
			buildConfigurations = (
				00EB79DD2C3CA9560015BF63 /* Debug */,
				00EB79DE2C3CA9560015BF63 /* Release */,
			);
			defaultConfigurationIsVisible = 0;
			defaultConfigurationName = Release;
		};
		58B511D61A9E6C8500147676 /* Build configuration list for PBXProject "BrightcoveImaPlayer" */ = {
			isa = XCConfigurationList;
			buildConfigurations = (
				58B511ED1A9E6C8500147676 /* Debug */,
				58B511EE1A9E6C8500147676 /* Release */,
			);
			defaultConfigurationIsVisible = 0;
			defaultConfigurationName = Release;
		};
		58B511EF1A9E6C8500147676 /* Build configuration list for PBXNativeTarget "BrightcoveImaPlayer" */ = {
			isa = XCConfigurationList;
			buildConfigurations = (
				58B511F01A9E6C8500147676 /* Debug */,
				58B511F11A9E6C8500147676 /* Release */,
			);
			defaultConfigurationIsVisible = 0;
			defaultConfigurationName = Release;
		};
/* End XCConfigurationList section */
	};
	rootObject = 58B511D31A9E6C8500147676 /* Project object */;
}
